Microsoft Visual Studio Solution File, Format Version 12.00
# Visual Studio Version 17
VisualStudioVersion = 17.5.2.0
MinimumVisualStudioVersion = 10.0.40219.1
Project("{FAE04EC0-301F-11D3-BF4B-00C04F79EFBC}") = "RososPortfolio", "RososPortfolio.csproj", "{AC1C8E4E-3C1E-2225-559F-A8380B56D4E0}"
EndProject
Global
	GlobalSection(SolutionConfigurationPlatforms) = preSolution
		Debug|Any CPU = Debug|Any CPU
		Release|Any CPU = Release|Any CPU
	EndGlobalSection
	GlobalSection(ProjectConfigurationPlatforms) = postSolution
		{AC1C8E4E-3C1E-2225-559F-A8380B56D4E0}.Debug|Any CPU.ActiveCfg = Debug|Any CPU
		{AC1C8E4E-3C1E-2225-559F-A8380B56D4E0}.Debug|Any CPU.Build.0 = Debug|Any CPU
		{AC1C8E4E-3C1E-2225-559F-A8380B56D4E0}.Release|Any CPU.ActiveCfg = Release|Any CPU
		{AC1C8E4E-3C1E-2225-559F-A8380B56D4E0}.Release|Any CPU.Build.0 = Release|Any CPU
	EndGlobalSection
	GlobalSection(SolutionProperties) = preSolution
		HideSolutionNode = FALSE
	EndGlobalSection
	GlobalSection(ExtensibilityGlobals) = postSolution
		SolutionGuid = {B26A3743-3C4D-45DB-86F3-2C332E63A36A}
	EndGlobalSection
EndGlobal
